
Microsoft Visual Studio Solution File, Format Version 11.00
# Visual Studio 2010
# SharpDevelop 5.1
Project("{FAE04EC0-301F-11D3-BF4B-00C04F79EFBC}") = "Engaging Activity_Stack", "Engaging Activity_Stack\Engaging Activity_Stack.csproj", "{28D33CAF-58D8-4F32-B5DF-15A15C7006C1}"
EndProject
Global
	GlobalSection(SolutionConfigurationPlatforms) = preSolution
		Debug|Any CPU = Debug|Any CPU
		Release|Any CPU = Release|Any CPU
	EndGlobalSection
	GlobalSection(ProjectConfigurationPlatforms) = postSolution
		{28D33CAF-58D8-4F32-B5DF-15A15C7006C1}.Debug|Any CPU.ActiveCfg = Debug|Any CPU
		{28D33CAF-58D8-4F32-B5DF-15A15C7006C1}.Debug|Any CPU.Build.0 = Debug|Any CPU
		{28D33CAF-58D8-4F32-B5DF-15A15C7006C1}.Release|Any CPU.ActiveCfg = Release|Any CPU
		{28D33CAF-58D8-4F32-B5DF-15A15C7006C1}.Release|Any CPU.Build.0 = Release|Any CPU
	EndGlobalSection
EndGlobal
